
Microsoft Visual Studio Solution File, Format Version 12.00
# Visual Studio Version 16
VisualStudioVersion = 16.0.29609.76
MinimumVisualStudioVersion = 10.0.40219.1
Project("{9A19103F-16F7-4668-BE54-9A1E7A4F7556}") = "GraduateHub", "GraduateHub\GraduateHub.csproj", "{FF3F75DA-0F2D-44BE-9014-EE0F450DF165}"
EndProject
Project("{FAE04EC0-301F-11D3-BF4B-00C04F79EFBC}") = "GraduateHub.DataAccess", "GraduateHub.DataAccess\GraduateHub.DataAccess.csproj", "{D65CE445-2C02-436A-81ED-C57E1AD1C9A2}"
EndProject
Project("{FAE04EC0-301F-11D3-BF4B-00C04F79EFBC}") = "GraduateHub.Utility", "Graduate.Utility\GraduateHub.Utility.csproj", "{2FA28561-9F05-4701-B03F-229B134D0C0B}"
EndProject
Project("{FAE04EC0-301F-11D3-BF4B-00C04F79EFBC}") = "GraduateHub.Models", "GraduateHub.Models\GraduateHub.Models.csproj", "{AE955BA4-5DCC-42D4-9F7C-AEF8A460980C}"
EndProject
Global
	GlobalSection(SolutionConfigurationPlatforms) = preSolution
		Debug|Any CPU = Debug|Any CPU
		Release|Any CPU = Release|Any CPU
	EndGlobalSection
	GlobalSection(ProjectConfigurationPlatforms) = postSolution
		{FF3F75DA-0F2D-44BE-9014-EE0F450DF165}.Debug|Any CPU.ActiveCfg = Debug|Any CPU
		{FF3F75DA-0F2D-44BE-9014-EE0F450DF165}.Debug|Any CPU.Build.0 = Debug|Any CPU
		{FF3F75DA-0F2D-44BE-9014-EE0F450DF165}.Release|Any CPU.ActiveCfg = Release|Any CPU
		{FF3F75DA-0F2D-44BE-9014-EE0F450DF165}.Release|Any CPU.Build.0 = Release|Any CPU
		{D65CE445-2C02-436A-81ED-C57E1AD1C9A2}.Debug|Any CPU.ActiveCfg = Debug|Any CPU
		{D65CE445-2C02-436A-81ED-C57E1AD1C9A2}.Debug|Any CPU.Build.0 = Debug|Any CPU
		{D65CE445-2C02-436A-81ED-C57E1AD1C9A2}.Release|Any CPU.ActiveCfg = Release|Any CPU
		{D65CE445-2C02-436A-81ED-C57E1AD1C9A2}.Release|Any CPU.Build.0 = Release|Any CPU
		{2FA28561-9F05-4701-B03F-229B134D0C0B}.Debug|Any CPU.ActiveCfg = Debug|Any CPU
		{2FA28561-9F05-4701-B03F-229B134D0C0B}.Debug|Any CPU.Build.0 = Debug|Any CPU
		{2FA28561-9F05-4701-B03F-229B134D0C0B}.Release|Any CPU.ActiveCfg = Release|Any CPU
		{2FA28561-9F05-4701-B03F-229B134D0C0B}.Release|Any CPU.Build.0 = Release|Any CPU
		{AE955BA4-5DCC-42D4-9F7C-AEF8A460980C}.Debug|Any CPU.ActiveCfg = Debug|Any CPU
		{AE955BA4-5DCC-42D4-9F7C-AEF8A460980C}.Debug|Any CPU.Build.0 = Debug|Any CPU
		{AE955BA4-5DCC-42D4-9F7C-AEF8A460980C}.Release|Any CPU.ActiveCfg = Release|Any CPU
		{AE955BA4-5DCC-42D4-9F7C-AEF8A460980C}.Release|Any CPU.Build.0 = Release|Any CPU
	EndGlobalSection
	GlobalSection(SolutionProperties) = preSolution
		HideSolutionNode = FALSE
	EndGlobalSection
	GlobalSection(ExtensibilityGlobals) = postSolution
		SolutionGuid = {D0D84262-7DB0-43D9-8A5A-C0D41FF844EF}
	EndGlobalSection
EndGlobal
